
Microsoft Visual Studio Solution File, Format Version 12.00
# Visual Studio Version 17
VisualStudioVersion = 17.1.32210.238
MinimumVisualStudioVersion = 10.0.40219.1
Project("{FAE04EC0-301F-11D3-BF4B-00C04F79EFBC}") = "Knight-Tour", "Knight-Tour\Knight-Tour.csproj", "{03D4DD05-977D-434E-A734-34462FF1693F}"
EndProject
Global
	GlobalSection(SolutionConfigurationPlatforms) = preSolution
		Debug|Any CPU = Debug|Any CPU
		Release|Any CPU = Release|Any CPU
	EndGlobalSection
	GlobalSection(ProjectConfigurationPlatforms) = postSolution
		{03D4DD05-977D-434E-A734-34462FF1693F}.Debug|Any CPU.ActiveCfg = Debug|Any CPU
		{03D4DD05-977D-434E-A734-34462FF1693F}.Debug|Any CPU.Build.0 = Debug|Any CPU
		{03D4DD05-977D-434E-A734-34462FF1693F}.Release|Any CPU.ActiveCfg = Release|Any CPU
		{03D4DD05-977D-434E-A734-34462FF1693F}.Release|Any CPU.Build.0 = Release|Any CPU
	EndGlobalSection
	GlobalSection(SolutionProperties) = preSolution
		HideSolutionNode = FALSE
	EndGlobalSection
	GlobalSection(ExtensibilityGlobals) = postSolution
		SolutionGuid = {D7D76363-D82B-4B7E-A542-58C4A1388172}
	EndGlobalSection
EndGlobal
